
Microsoft Visual Studio Solution File, Format Version 12.00
Project("{FAE04EC0-301F-11D3-BF4B-00C04F79EFBC}") = "lab6", "lab6\lab6.csproj", "{A6F55C59-9EBB-42F3-A306-78ECF14010BC}"
EndProject
Global
	GlobalSection(SolutionConfigurationPlatforms) = preSolution
		Debug|Any CPU = Debug|Any CPU
		Release|Any CPU = Release|Any CPU
	EndGlobalSection
	GlobalSection(ProjectConfigurationPlatforms) = postSolution
		{A6F55C59-9EBB-42F3-A306-78ECF14010BC}.Debug|Any CPU.ActiveCfg = Debug|Any CPU
		{A6F55C59-9EBB-42F3-A306-78ECF14010BC}.Debug|Any CPU.Build.0 = Debug|Any CPU
		{A6F55C59-9EBB-42F3-A306-78ECF14010BC}.Release|Any CPU.ActiveCfg = Release|Any CPU
		{A6F55C59-9EBB-42F3-A306-78ECF14010BC}.Release|Any CPU.Build.0 = Release|Any CPU
	EndGlobalSection
EndGlobal
